
Microsoft Visual Studio Solution File, Format Version 12.00
# Visual Studio 15
Project("{FAE04EC0-301F-11D3-BF4B-00C04F79EFBC}") = "SimpleWebTransport", "SimpleWebTransport.csproj", "{FB8E1143-A6C3-03CD-7943-CD17F29D8111}"
EndProject
Project("{FAE04EC0-301F-11D3-BF4B-00C04F79EFBC}") = "Mirror", "Mirror.csproj", "{51C43D94-52E8-5A90-E2E7-E3D00A97B565}"
EndProject
Project("{FAE04EC0-301F-11D3-BF4B-00C04F79EFBC}") = "Telepathy", "Telepathy.csproj", "{9BA10E9F-DB9F-3A71-F512-6BDC0FF3F719}"
EndProject
Project("{FAE04EC0-301F-11D3-BF4B-00C04F79EFBC}") = "Assembly-CSharp", "Assembly-CSharp.csproj", "{5EDB99DA-8508-6B5E-D65B-E4F4FC9C5F9A}"
EndProject
Project("{FAE04EC0-301F-11D3-BF4B-00C04F79EFBC}") = "Mirror.Cloud", "Mirror.Cloud.csproj", "{CB328686-7AB6-4B3B-A1FB-4C684EFD8669}"
EndProject
Project("{FAE04EC0-301F-11D3-BF4B-00C04F79EFBC}") = "Mirror.Components", "Mirror.Components.csproj", "{A43F4BDA-08AE-A74F-DD0F-726DC66097B5}"
EndProject
Project("{FAE04EC0-301F-11D3-BF4B-00C04F79EFBC}") = "Mirror.Examples", "Mirror.Examples.csproj", "{2A3C045E-E759-6B2E-B6C3-DC9D08C3E964}"
EndProject
Project("{FAE04EC0-301F-11D3-BF4B-00C04F79EFBC}") = "Mirror.Examples.Cloud.GUI", "Mirror.Examples.Cloud.GUI.csproj", "{8DB55C8B-FCB4-3B10-5E9A-4D9C7C4D3659}"
EndProject
Project("{FAE04EC0-301F-11D3-BF4B-00C04F79EFBC}") = "Mirror.Examples.Cloud.Pong", "Mirror.Examples.Cloud.Pong.csproj", "{0FBC6B91-2973-EBDA-ED65-E131254DCE87}"
EndProject
Project("{FAE04EC0-301F-11D3-BF4B-00C04F79EFBC}") = "Mirror.Authenticators", "Mirror.Authenticators.csproj", "{377138DB-2AED-0CA3-E76E-77511699128B}"
EndProject
Project("{FAE04EC0-301F-11D3-BF4B-00C04F79EFBC}") = "Mirror.example.RigidbodyPhysics", "Mirror.example.RigidbodyPhysics.csproj", "{35E472E3-BE79-5398-16DB-CAB20967BEEE}"
EndProject
Project("{FAE04EC0-301F-11D3-BF4B-00C04F79EFBC}") = "Mirror.Weaver", "Mirror.Weaver.csproj", "{8ED69EE7-A5E9-B769-742D-B333EEF319F0}"
EndProject
Project("{FAE04EC0-301F-11D3-BF4B-00C04F79EFBC}") = "Mirror.Editor", "Mirror.Editor.csproj", "{8153A627-14D5-CCA8-C333-DDB2ECF540EB}"
EndProject
Project("{FAE04EC0-301F-11D3-BF4B-00C04F79EFBC}") = "Mirror.CompilerSymbols", "Mirror.CompilerSymbols.csproj", "{489DCEF0-E0A0-08D7-898C-E4DE3DD1D806}"
EndProject
Global
	GlobalSection(SolutionConfigurationPlatforms) = preSolution
		Debug|Any CPU = Debug|Any CPU
		Release|Any CPU = Release|Any CPU
	EndGlobalSection
	GlobalSection(ProjectConfigurationPlatforms) = postSolution
		{FB8E1143-A6C3-03CD-7943-CD17F29D8111}.Debug|Any CPU.ActiveCfg = Debug|Any CPU
		{FB8E1143-A6C3-03CD-7943-CD17F29D8111}.Debug|Any CPU.Build.0 = Debug|Any CPU
		{FB8E1143-A6C3-03CD-7943-CD17F29D8111}.Release|Any CPU.ActiveCfg = Release|Any CPU
		{FB8E1143-A6C3-03CD-7943-CD17F29D8111}.Release|Any CPU.Build.0 = Release|Any CPU
		{51C43D94-52E8-5A90-E2E7-E3D00A97B565}.Debug|Any CPU.ActiveCfg = Debug|Any CPU
		{51C43D94-52E8-5A90-E2E7-E3D00A97B565}.Debug|Any CPU.Build.0 = Debug|Any CPU
		{51C43D94-52E8-5A90-E2E7-E3D00A97B565}.Release|Any CPU.ActiveCfg = Release|Any CPU
		{51C43D94-52E8-5A90-E2E7-E3D00A97B565}.Release|Any CPU.Build.0 = Release|Any CPU
		{9BA10E9F-DB9F-3A71-F512-6BDC0FF3F719}.Debug|Any CPU.ActiveCfg = Debug|Any CPU
		{9BA10E9F-DB9F-3A71-F512-6BDC0FF3F719}.Debug|Any CPU.Build.0 = Debug|Any CPU
		{9BA10E9F-DB9F-3A71-F512-6BDC0FF3F719}.Release|Any CPU.ActiveCfg = Release|Any CPU
		{9BA10E9F-DB9F-3A71-F512-6BDC0FF3F719}.Release|Any CPU.Build.0 = Release|Any CPU
		{5EDB99DA-8508-6B5E-D65B-E4F4FC9C5F9A}.Debug|Any CPU.ActiveCfg = Debug|Any CPU
		{5EDB99DA-8508-6B5E-D65B-E4F4FC9C5F9A}.Debug|Any CPU.Build.0 = Debug|Any CPU
		{5EDB99DA-8508-6B5E-D65B-E4F4FC9C5F9A}.Release|Any CPU.ActiveCfg = Release|Any CPU
		{5EDB99DA-8508-6B5E-D65B-E4F4FC9C5F9A}.Release|Any CPU.Build.0 = Release|Any CPU
		{CB328686-7AB6-4B3B-A1FB-4C684EFD8669}.Debug|Any CPU.ActiveCfg = Debug|Any CPU
		{CB328686-7AB6-4B3B-A1FB-4C684EFD8669}.Debug|Any CPU.Build.0 = Debug|Any CPU
		{CB328686-7AB6-4B3B-A1FB-4C684EFD8669}.Release|Any CPU.ActiveCfg = Release|Any CPU
		{CB328686-7AB6-4B3B-A1FB-4C684EFD8669}.Release|Any CPU.Build.0 = Release|Any CPU
		{A43F4BDA-08AE-A74F-DD0F-726DC66097B5}.Debug|Any CPU.ActiveCfg = Debug|Any CPU
		{A43F4BDA-08AE-A74F-DD0F-726DC66097B5}.Debug|Any CPU.Build.0 = Debug|Any CPU
		{A43F4BDA-08AE-A74F-DD0F-726DC66097B5}.Release|Any CPU.ActiveCfg = Release|Any CPU
		{A43F4BDA-08AE-A74F-DD0F-726DC66097B5}.Release|Any CPU.Build.0 = Release|Any CPU
		{2A3C045E-E759-6B2E-B6C3-DC9D08C3E964}.Debug|Any CPU.ActiveCfg = Debug|Any CPU
		{2A3C045E-E759-6B2E-B6C3-DC9D08C3E964}.Debug|Any CPU.Build.0 = Debug|Any CPU
		{2A3C045E-E759-6B2E-B6C3-DC9D08C3E964}.Release|Any CPU.ActiveCfg = Release|Any CPU
		{2A3C045E-E759-6B2E-B6C3-DC9D08C3E964}.Release|Any CPU.Build.0 = Release|Any CPU
		{8DB55C8B-FCB4-3B10-5E9A-4D9C7C4D3659}.Debug|Any CPU.ActiveCfg = Debug|Any CPU
		{8DB55C8B-FCB4-3B10-5E9A-4D9C7C4D3659}.Debug|Any CPU.Build.0 = Debug|Any CPU
		{8DB55C8B-FCB4-3B10-5E9A-4D9C7C4D3659}.Release|Any CPU.ActiveCfg = Release|Any CPU
		{8DB55C8B-FCB4-3B10-5E9A-4D9C7C4D3659}.Release|Any CPU.Build.0 = Release|Any CPU
		{0FBC6B91-2973-EBDA-ED65-E131254DCE87}.Debug|Any CPU.ActiveCfg = Debug|Any CPU
		{0FBC6B91-2973-EBDA-ED65-E131254DCE87}.Debug|Any CPU.Build.0 = Debug|Any CPU
		{0FBC6B91-2973-EBDA-ED65-E131254DCE87}.Release|Any CPU.ActiveCfg = Release|Any CPU
		{0FBC6B91-2973-EBDA-ED65-E131254DCE87}.Release|Any CPU.Build.0 = Release|Any CPU
		{377138DB-2AED-0CA3-E76E-77511699128B}.Debug|Any CPU.ActiveCfg = Debug|Any CPU
		{377138DB-2AED-0CA3-E76E-77511699128B}.Debug|Any CPU.Build.0 = Debug|Any CPU
		{377138DB-2AED-0CA3-E76E-77511699128B}.Release|Any CPU.ActiveCfg = Release|Any CPU
		{377138DB-2AED-0CA3-E76E-77511699128B}.Release|Any CPU.Build.0 = Release|Any CPU
		{35E472E3-BE79-5398-16DB-CAB20967BEEE}.Debug|Any CPU.ActiveCfg = Debug|Any CPU
		{35E472E3-BE79-5398-16DB-CAB20967BEEE}.Debug|Any CPU.Build.0 = Debug|Any CPU
		{35E472E3-BE79-5398-16DB-CAB20967BEEE}.Release|Any CPU.ActiveCfg = Release|Any CPU
		{35E472E3-BE79-5398-16DB-CAB20967BEEE}.Release|Any CPU.Build.0 = Release|Any CPU
		{8ED69EE7-A5E9-B769-742D-B333EEF319F0}.Debug|Any CPU.ActiveCfg = Debug|Any CPU
		{8ED69EE7-A5E9-B769-742D-B333EEF319F0}.Debug|Any CPU.Build.0 = Debug|Any CPU
		{8ED69EE7-A5E9-B769-742D-B333EEF319F0}.Release|Any CPU.ActiveCfg = Release|Any CPU
		{8ED69EE7-A5E9-B769-742D-B333EEF319F0}.Release|Any CPU.Build.0 = Release|Any CPU
		{8153A627-14D5-CCA8-C333-DDB2ECF540EB}.Debug|Any CPU.ActiveCfg = Debug|Any CPU
		{8153A627-14D5-CCA8-C333-DDB2ECF540EB}.Debug|Any CPU.Build.0 = Debug|Any CPU
		{8153A627-14D5-CCA8-C333-DDB2ECF540EB}.Release|Any CPU.ActiveCfg = Release|Any CPU
		{8153A627-14D5-CCA8-C333-DDB2ECF540EB}.Release|Any CPU.Build.0 = Release|Any CPU
		{489DCEF0-E0A0-08D7-898C-E4DE3DD1D806}.Debug|Any CPU.ActiveCfg = Debug|Any CPU
		{489DCEF0-E0A0-08D7-898C-E4DE3DD1D806}.Debug|Any CPU.Build.0 = Debug|Any CPU
		{489DCEF0-E0A0-08D7-898C-E4DE3DD1D806}.Release|Any CPU.ActiveCfg = Release|Any CPU
		{489DCEF0-E0A0-08D7-898C-E4DE3DD1D806}.Release|Any CPU.Build.0 = Release|Any CPU
	EndGlobalSection
	GlobalSection(SolutionProperties) = preSolution
		HideSolutionNode = FALSE
	EndGlobalSection
EndGlobal
